{
	"name": "ux4",
	"version": "1.0.0",
	"lockfileVersion": 1,
	"requires": true,
	"dependencies": {
		"abbrev": {
			"version": "1.1.1",
			"resolved": "https://registry.npmjs.org/abbrev/-/abbrev-1.1.1.tgz",
			"integrity": "sha512-nne9/IiQ/hzIhY6pdDnbBtz7DjPTKrY00P/zvPSm5pOFkl6xuGrGnXn/VtTNNfNtAfZ9/1RtehkszU9qcTii0Q=="
		},
		"ansi-escapes": {
			"version": "3.1.0",
			"resolved": "https://registry.npmjs.org/ansi-escapes/-/ansi-escapes-3.1.0.tgz",
			"integrity": "sha512-UgAb8H9D41AQnu/PbWlCofQVcnV4Gs2bBJi9eZPxfU/hgglFh3SMDMENRIqdr7H6XFnXdoknctFByVsCOotTVw=="
		},
		"ansi-regex": {
			"version": "3.0.0",
			"resolved": "https://registry.npmjs.org/ansi-regex/-/ansi-regex-3.0.0.tgz",
			"integrity": "sha1-7QMXwyIGT3lGbAKWa922Bas32Zg="
		},
		"ansi-styles": {
			"version": "3.2.1",
			"resolved": "https://registry.npmjs.org/ansi-styles/-/ansi-styles-3.2.1.tgz",
			"integrity": "sha512-VT0ZI6kZRdTh8YyJw3SMbYm/u+NqfsAxEpWO0Pf9sq8/e94WxxOpPKx9FR1FlyCtOVDNOQ+8ntlqFxiRc+r5qA==",
			"requires": {
				"color-convert": "1.9.3"
			}
		},
		"argv-tools": {
			"version": "0.1.1",
			"resolved": "https://registry.npmjs.org/argv-tools/-/argv-tools-0.1.1.tgz",
			"integrity": "sha512-Cc0dBvx4dvrjjKpyDA6w8RlNAw8Su30NvZbWl/Tv9ZALEVlLVkWQiHMi84Q0xNfpVuSaiQbYkdmWK8g1PLGhKw==",
			"requires": {
				"array-back": "2.0.0",
				"find-replace": "2.0.1"
			}
		},
		"array-back": {
			"version": "2.0.0",
			"resolved": "https://registry.npmjs.org/array-back/-/array-back-2.0.0.tgz",
			"integrity": "sha512-eJv4pLLufP3g5kcZry0j6WXpIbzYw9GUB4mVJZno9wfwiBxbizTnHCw3VJb07cBihbFX48Y7oSrW9y+gt4glyw==",
			"requires": {
				"typical": "2.6.1"
			}
		},
		"balanced-match": {
			"version": "1.0.0",
			"resolved": "https://registry.npmjs.org/balanced-match/-/balanced-match-1.0.0.tgz",
			"integrity": "sha1-ibTRmasr7kneFk6gK4nORi1xt2c="
		},
		"binary": {
			"version": "0.3.0",
			"resolved": "https://registry.npmjs.org/binary/-/binary-0.3.0.tgz",
			"integrity": "sha1-n2BVO8XOjDOG87VTz/R0Yq3sqnk=",
			"requires": {
				"buffers": "0.1.1",
				"chainsaw": "0.1.0"
			}
		},
		"brace-expansion": {
			"version": "1.1.11",
			"resolved": "https://registry.npmjs.org/brace-expansion/-/brace-expansion-1.1.11.tgz",
			"integrity": "sha512-iCuPHDFgrHX7H2vEI/5xpz07zSHB00TpugqhmYtVmMO6518mCuRMoOYFldEBl0g187ufozdaHgWKcYFb61qGiA==",
			"requires": {
				"balanced-match": "1.0.0",
				"concat-map": "0.0.1"
			}
		},
		"buffers": {
			"version": "0.1.1",
			"resolved": "https://registry.npmjs.org/buffers/-/buffers-0.1.1.tgz",
			"integrity": "sha1-skV5w77U1tOWru5tmorn9Ugqt7s="
		},
		"chainsaw": {
			"version": "0.1.0",
			"resolved": "https://registry.npmjs.org/chainsaw/-/chainsaw-0.1.0.tgz",
			"integrity": "sha1-XqtQsor+WAdNDVgpE4iCi15fvJg=",
			"requires": {
				"traverse": "0.3.9"
			}
		},
		"chalk": {
			"version": "2.4.1",
			"resolved": "https://registry.npmjs.org/chalk/-/chalk-2.4.1.tgz",
			"integrity": "sha512-ObN6h1v2fTJSmUXoS3nMQ92LbDK9be4TV+6G+omQlGJFdcUX5heKi1LZ1YnRMIgwTLEj3E24bT6tYni50rlCfQ==",
			"requires": {
				"ansi-styles": "3.2.1",
				"escape-string-regexp": "1.0.5",
				"supports-color": "5.5.0"
			}
		},
		"chardet": {
			"version": "0.7.0",
			"resolved": "https://registry.npmjs.org/chardet/-/chardet-0.7.0.tgz",
			"integrity": "sha512-mT8iDcrh03qDGRRmoA2hmBJnxpllMR+0/0qlzjqZES6NdiWDcZkCNAk4rPFZ9Q85r27unkiNNg8ZOiwZXBHwcA=="
		},
		"cli-cursor": {
			"version": "2.1.0",
			"resolved": "https://registry.npmjs.org/cli-cursor/-/cli-cursor-2.1.0.tgz",
			"integrity": "sha1-s12sN2R5+sw+lHR9QdDQ9SOP/LU=",
			"requires": {
				"restore-cursor": "2.0.0"
			}
		},
		"cli-width": {
			"version": "2.2.0",
			"resolved": "https://registry.npmjs.org/cli-width/-/cli-width-2.2.0.tgz",
			"integrity": "sha1-/xnt6Kml5XkyQUewwR8PvLq+1jk="
		},
		"color-convert": {
			"version": "1.9.3",
			"resolved": "https://registry.npmjs.org/color-convert/-/color-convert-1.9.3.tgz",
			"integrity": "sha512-QfAUtd+vFdAtFQcC8CCyYt1fYWxSqAiK2cSD6zDB8N3cpsEBAvRxp9zOGg6G/SHHJYAT88/az/IuDGALsNVbGg==",
			"requires": {
				"color-name": "1.1.3"
			}
		},
		"color-name": {
			"version": "1.1.3",
			"resolved": "https://registry.npmjs.org/color-name/-/color-name-1.1.3.tgz",
			"integrity": "sha1-p9BVi9icQveV3UIyj3QIMcpTvCU="
		},
		"command-line-args": {
			"version": "5.0.2",
			"resolved": "https://registry.npmjs.org/command-line-args/-/command-line-args-5.0.2.tgz",
			"integrity": "sha512-/qPcbL8zpqg53x4rAaqMFlRV4opN3pbla7I7k9x8kyOBMQoGT6WltjN6sXZuxOXw6DgdK7Ad+ijYS5gjcr7vlA==",
			"requires": {
				"argv-tools": "0.1.1",
				"array-back": "2.0.0",
				"find-replace": "2.0.1",
				"lodash.camelcase": "4.3.0",
				"typical": "2.6.1"
			}
		},
		"compare-versions": {
			"version": "3.3.1",
			"resolved": "https://registry.npmjs.org/compare-versions/-/compare-versions-3.3.1.tgz",
			"integrity": "sha512-GkIcfJ9sDt4+gS+RWH3X+kR7ezuKdu3fg2oA9nRA8HZoqZwAKv3ml3TyfB9OyV2iFXxCw7q5XfV6SyPbSCT2pw=="
		},
		"concat-map": {
			"version": "0.0.1",
			"resolved": "https://registry.npmjs.org/concat-map/-/concat-map-0.0.1.tgz",
			"integrity": "sha1-2Klr13/Wjfd5OnMDajug1UBdR3s="
		},
		"core-util-is": {
			"version": "1.0.2",
			"resolved": "https://registry.npmjs.org/core-util-is/-/core-util-is-1.0.2.tgz",
			"integrity": "sha1-tf1UIgqivFq1eqtxQMlAdUUDwac="
		},
		"decompress-zip": {
			"version": "0.3.1",
			"resolved": "https://registry.npmjs.org/decompress-zip/-/decompress-zip-0.3.1.tgz",
			"integrity": "sha512-pNGzi0RIpLA/CqrMQoSuh/1+YiVGJSEhQeibgoZQEdPFQOhO5pvqim3sp1qMvio3+mkonUQ1Akjdw8RgvV/RsA==",
			"requires": {
				"binary": "0.3.0",
				"graceful-fs": "4.1.11",
				"mkpath": "0.1.0",
				"nopt": "3.0.6",
				"q": "1.5.1",
				"readable-stream": "1.1.14",
				"touch": "0.0.3"
			}
		},
		"escape-string-regexp": {
			"version": "1.0.5",
			"resolved": "https://registry.npmjs.org/escape-string-regexp/-/escape-string-regexp-1.0.5.tgz",
			"integrity": "sha1-G2HAViGQqN/2rjuyzwIAyhMLhtQ="
		},
		"external-editor": {
			"version": "3.0.3",
			"resolved": "https://registry.npmjs.org/external-editor/-/external-editor-3.0.3.tgz",
			"integrity": "sha512-bn71H9+qWoOQKyZDo25mOMVpSmXROAsTJVVVYzrrtol3d4y+AsKjf4Iwl2Q+IuT0kFSQ1qo166UuIwqYq7mGnA==",
			"requires": {
				"chardet": "0.7.0",
				"iconv-lite": "0.4.24",
				"tmp": "0.0.33"
			}
		},
		"figures": {
			"version": "2.0.0",
			"resolved": "https://registry.npmjs.org/figures/-/figures-2.0.0.tgz",
			"integrity": "sha1-OrGi0qYsi/tDGgyUy3l6L84nyWI=",
			"requires": {
				"escape-string-regexp": "1.0.5"
			}
		},
		"find-replace": {
			"version": "2.0.1",
			"resolved": "https://registry.npmjs.org/find-replace/-/find-replace-2.0.1.tgz",
			"integrity": "sha512-LzDo3Fpa30FLIBsh6DCDnMN1KW2g4QKkqKmejlImgWY67dDFPX/x9Kh/op/GK522DchQXEvDi/wD48HKW49XOQ==",
			"requires": {
				"array-back": "2.0.0",
				"test-value": "3.0.0"
			}
		},
		"fs.realpath": {
			"version": "1.0.0",
			"resolved": "https://registry.npmjs.org/fs.realpath/-/fs.realpath-1.0.0.tgz",
			"integrity": "sha1-FQStJSMVjKpA20onh8sBQRmU6k8="
		},
		"glob": {
			"version": "7.1.2",
			"resolved": "https://registry.npmjs.org/glob/-/glob-7.1.2.tgz",
			"integrity": "sha512-MJTUg1kjuLeQCJ+ccE4Vpa6kKVXkPYJ2mOCQyUuKLcLQsdrMCpBPUi8qVE6+YuaJkozeA9NusTAw3hLr8Xe5EQ==",
			"requires": {
				"fs.realpath": "1.0.0",
				"inflight": "1.0.6",
				"inherits": "2.0.3",
				"minimatch": "3.0.4",
				"once": "1.4.0",
				"path-is-absolute": "1.0.1"
			}
		},
		"glob-all": {
			"version": "3.1.0",
			"resolved": "https://registry.npmjs.org/glob-all/-/glob-all-3.1.0.tgz",
			"integrity": "sha1-iRPd+17hrHgSZWJBsD1SF8ZLAqs=",
			"requires": {
				"glob": "7.1.2",
				"yargs": "1.2.6"
			}
		},
		"graceful-fs": {
			"version": "4.1.11",
			"resolved": "https://registry.npmjs.org/graceful-fs/-/graceful-fs-4.1.11.tgz",
			"integrity": "sha1-Dovf5NHduIVNZOBOp8AOKgJuVlg="
		},
		"has-flag": {
			"version": "3.0.0",
			"resolved": "https://registry.npmjs.org/has-flag/-/has-flag-3.0.0.tgz",
			"integrity": "sha1-tdRU3CGZriJWmfNGfloH87lVuv0="
		},
		"homedir": {
			"version": "0.6.0",
			"resolved": "https://registry.npmjs.org/homedir/-/homedir-0.6.0.tgz",
			"integrity": "sha1-KyHbZr8Ipts4JJo+/1LX0YcGrx4="
		},
		"iconv-lite": {
			"version": "0.4.24",
			"resolved": "https://registry.npmjs.org/iconv-lite/-/iconv-lite-0.4.24.tgz",
			"integrity": "sha512-v3MXnZAcvnywkTUEZomIActle7RXXeedOR31wwl7VlyoXO4Qi9arvSenNQWne1TcRwhCL1HwLI21bEqdpj8/rA==",
			"requires": {
				"safer-buffer": "2.1.2"
			}
		},
		"inflight": {
			"version": "1.0.6",
			"resolved": "https://registry.npmjs.org/inflight/-/inflight-1.0.6.tgz",
			"integrity": "sha1-Sb1jMdfQLQwJvJEKEHW6gWW1bfk=",
			"requires": {
				"once": "1.4.0",
				"wrappy": "1.0.2"
			}
		},
		"inherits": {
			"version": "2.0.3",
			"resolved": "https://registry.npmjs.org/inherits/-/inherits-2.0.3.tgz",
			"integrity": "sha1-Yzwsg+PaQqUC9SRmAiSA9CCCYd4="
		},
		"inquirer": {
			"version": "6.2.0",
			"resolved": "https://registry.npmjs.org/inquirer/-/inquirer-6.2.0.tgz",
			"integrity": "sha512-QIEQG4YyQ2UYZGDC4srMZ7BjHOmNk1lR2JQj5UknBapklm6WHA+VVH7N+sUdX3A7NeCfGF8o4X1S3Ao7nAcIeg==",
			"requires": {
				"ansi-escapes": "3.1.0",
				"chalk": "2.4.1",
				"cli-cursor": "2.1.0",
				"cli-width": "2.2.0",
				"external-editor": "3.0.3",
				"figures": "2.0.0",
				"lodash": "4.17.10",
				"mute-stream": "0.0.7",
				"run-async": "2.3.0",
				"rxjs": "6.3.0",
				"string-width": "2.1.1",
				"strip-ansi": "4.0.0",
				"through": "2.3.8"
			}
		},
		"is-fullwidth-code-point": {
			"version": "2.0.0",
			"resolved": "https://registry.npmjs.org/is-fullwidth-code-point/-/is-fullwidth-code-point-2.0.0.tgz",
			"integrity": "sha1-o7MKXE8ZkYMWeqq5O+764937ZU8="
		},
		"is-promise": {
			"version": "2.1.0",
			"resolved": "https://registry.npmjs.org/is-promise/-/is-promise-2.1.0.tgz",
			"integrity": "sha1-eaKp7OfwlugPNtKy87wWwf9L8/o="
		},
		"isarray": {
			"version": "0.0.1",
			"resolved": "https://registry.npmjs.org/isarray/-/isarray-0.0.1.tgz",
			"integrity": "sha1-ihis/Kmo9Bd+Cav8YDiTmwXR7t8="
		},
		"jsonfile": {
			"version": "1.1.1",
			"resolved": "https://registry.npmjs.org/jsonfile/-/jsonfile-1.1.1.tgz",
			"integrity": "sha1-2k/WrXfxolUgPqY8e8Mtwx72RDM="
		},
		"lodash": {
			"version": "4.17.10",
			"resolved": "https://registry.npmjs.org/lodash/-/lodash-4.17.10.tgz",
			"integrity": "sha512-UejweD1pDoXu+AD825lWwp4ZGtSwgnpZxb3JDViD7StjQz+Nb/6l093lx4OQ0foGWNRoc19mWy7BzL+UAK2iVg=="
		},
		"lodash.camelcase": {
			"version": "4.3.0",
			"resolved": "https://registry.npmjs.org/lodash.camelcase/-/lodash.camelcase-4.3.0.tgz",
			"integrity": "sha1-soqmKIorn8ZRA1x3EfZathkDMaY="
		},
		"mimic-fn": {
			"version": "1.2.0",
			"resolved": "https://registry.npmjs.org/mimic-fn/-/mimic-fn-1.2.0.tgz",
			"integrity": "sha512-jf84uxzwiuiIVKiOLpfYk7N46TSy8ubTonmneY9vrpHNAnp0QBt2BxWV9dO3/j+BoVAb+a5G6YDPW3M5HOdMWQ=="
		},
		"minimatch": {
			"version": "3.0.4",
			"resolved": "https://registry.npmjs.org/minimatch/-/minimatch-3.0.4.tgz",
			"integrity": "sha512-yJHVQEhyqPLUTgt9B83PXu6W3rx4MvvHvSUvToogpwoGDOUQ+yDrR0HRot+yOCdCO7u4hX3pWft6kWBBcqh0UA==",
			"requires": {
				"brace-expansion": "1.1.11"
			}
		},
		"minimist": {
			"version": "0.1.0",
			"resolved": "https://registry.npmjs.org/minimist/-/minimist-0.1.0.tgz",
			"integrity": "sha1-md9lelJXTCHJBXSX33QnkLK0wN4="
		},
		"mkpath": {
			"version": "0.1.0",
			"resolved": "https://registry.npmjs.org/mkpath/-/mkpath-0.1.0.tgz",
			"integrity": "sha1-dVSm+Nhxg0zJe1RisSLEwSTW3pE="
		},
		"mute-stream": {
			"version": "0.0.7",
			"resolved": "https://registry.npmjs.org/mute-stream/-/mute-stream-0.0.7.tgz",
			"integrity": "sha1-MHXOk7whuPq0PhvE2n6BFe0ee6s="
		},
		"ncp": {
			"version": "0.4.2",
			"resolved": "https://registry.npmjs.org/ncp/-/ncp-0.4.2.tgz",
			"integrity": "sha1-q8xsvT7C7Spyn/bnwfqPAXhKhXQ="
		},
		"node-fs-extra": {
			"version": "0.8.2",
			"resolved": "https://registry.npmjs.org/node-fs-extra/-/node-fs-extra-0.8.2.tgz",
			"integrity": "sha1-CfsrYNMPfXA+Nh7LYmqRQE8XCXo=",
			"requires": {
				"jsonfile": "1.1.1",
				"mkdirp": "0.3.5",
				"ncp": "0.4.2",
				"rimraf": "2.2.8"
			},
			"dependencies": {
				"mkdirp": {
					"version": "0.3.5",
					"resolved": "https://registry.npmjs.org/mkdirp/-/mkdirp-0.3.5.tgz",
					"integrity": "sha1-3j5fiWHIjHh+4TaN+EmsRBPsqNc="
				}
			}
		},
		"nopt": {
			"version": "3.0.6",
			"resolved": "https://registry.npmjs.org/nopt/-/nopt-3.0.6.tgz",
			"integrity": "sha1-xkZdvwirzU2zWTF/eaxopkayj/k=",
			"requires": {
				"abbrev": "1.1.1"
			}
		},
		"once": {
			"version": "1.4.0",
			"resolved": "https://registry.npmjs.org/once/-/once-1.4.0.tgz",
			"integrity": "sha1-WDsap3WWHUsROsF9nFC6753Xa9E=",
			"requires": {
				"wrappy": "1.0.2"
			}
		},
		"onetime": {
			"version": "2.0.1",
			"resolved": "https://registry.npmjs.org/onetime/-/onetime-2.0.1.tgz",
			"integrity": "sha1-BnQoIw/WdEOyeUsiu6UotoZ5YtQ=",
			"requires": {
				"mimic-fn": "1.2.0"
			}
		},
		"os-tmpdir": {
			"version": "1.0.2",
			"resolved": "https://registry.npmjs.org/os-tmpdir/-/os-tmpdir-1.0.2.tgz",
			"integrity": "sha1-u+Z0BseaqFxc/sdm/lc0VV36EnQ="
		},
		"path-is-absolute": {
			"version": "1.0.1",
			"resolved": "https://registry.npmjs.org/path-is-absolute/-/path-is-absolute-1.0.1.tgz",
			"integrity": "sha1-F0uSaHNVNP+8es5r9TpanhtcX18="
		},
		"q": {
			"version": "1.5.1",
			"resolved": "https://registry.npmjs.org/q/-/q-1.5.1.tgz",
			"integrity": "sha1-fjL3W0E4EpHQRhHxvxQQmsAGUdc="
		},
		"readable-stream": {
			"version": "1.1.14",
			"resolved": "https://registry.npmjs.org/readable-stream/-/readable-stream-1.1.14.tgz",
			"integrity": "sha1-fPTFTvZI44EwhMY23SB54WbAgdk=",
			"requires": {
				"core-util-is": "1.0.2",
				"inherits": "2.0.3",
				"isarray": "0.0.1",
				"string_decoder": "0.10.31"
			}
		},
		"restore-cursor": {
			"version": "2.0.0",
			"resolved": "https://registry.npmjs.org/restore-cursor/-/restore-cursor-2.0.0.tgz",
			"integrity": "sha1-n37ih/gv0ybU/RYpI9YhKe7g368=",
			"requires": {
				"onetime": "2.0.1",
				"signal-exit": "3.0.2"
			}
		},
		"rimraf": {
			"version": "2.2.8",
			"resolved": "https://registry.npmjs.org/rimraf/-/rimraf-2.2.8.tgz",
			"integrity": "sha1-5Dm+Kq7jJzIZUnMPmaiSnk/FBYI="
		},
		"run-async": {
			"version": "2.3.0",
			"resolved": "https://registry.npmjs.org/run-async/-/run-async-2.3.0.tgz",
			"integrity": "sha1-A3GrSuC91yDUFm19/aZP96RFpsA=",
			"requires": {
				"is-promise": "2.1.0"
			}
		},
		"rxjs": {
			"version": "6.3.0",
			"resolved": "https://registry.npmjs.org/rxjs/-/rxjs-6.3.0.tgz",
			"integrity": "sha512-ZnwuEquf72mnVORgX75eZCAKNNwulmKQuFxDPwDA5EvbkBXeRNJtmvhyVLcPcKkdiUtqqv+LbBM8jYo0eBW++w==",
			"requires": {
				"tslib": "1.9.3"
			}
		},
		"safer-buffer": {
			"version": "2.1.2",
			"resolved": "https://registry.npmjs.org/safer-buffer/-/safer-buffer-2.1.2.tgz",
			"integrity": "sha512-YZo3K82SD7Riyi0E1EQPojLz7kpepnSQI9IyPbHHg1XXXevb5dJI7tpyN2ADxGcQbHG7vcyRHk0cbwqcQriUtg=="
		},
		"signal-exit": {
			"version": "3.0.2",
			"resolved": "https://registry.npmjs.org/signal-exit/-/signal-exit-3.0.2.tgz",
			"integrity": "sha1-tf3AjxKH6hF4Yo5BXiUTK3NkbG0="
		},
		"string-width": {
			"version": "2.1.1",
			"resolved": "https://registry.npmjs.org/string-width/-/string-width-2.1.1.tgz",
			"integrity": "sha512-nOqH59deCq9SRHlxq1Aw85Jnt4w6KvLKqWVik6oA9ZklXLNIOlqg4F2yrT1MVaTjAqvVwdfeZ7w7aCvJD7ugkw==",
			"requires": {
				"is-fullwidth-code-point": "2.0.0",
				"strip-ansi": "4.0.0"
			}
		},
		"string_decoder": {
			"version": "0.10.31",
			"resolved": "https://registry.npmjs.org/string_decoder/-/string_decoder-0.10.31.tgz",
			"integrity": "sha1-YuIDvEF2bGwoyfyEMB2rHFMQ+pQ="
		},
		"strip-ansi": {
			"version": "4.0.0",
			"resolved": "https://registry.npmjs.org/strip-ansi/-/strip-ansi-4.0.0.tgz",
			"integrity": "sha1-qEeQIusaw2iocTibY1JixQXuNo8=",
			"requires": {
				"ansi-regex": "3.0.0"
			}
		},
		"supports-color": {
			"version": "5.5.0",
			"resolved": "https://registry.npmjs.org/supports-color/-/supports-color-5.5.0.tgz",
			"integrity": "sha512-QjVjwdXIt408MIiAqCX4oUKsgU2EqAGzs2Ppkm4aQYbjm+ZEWEcW4SfFNTr4uMNZma0ey4f5lgLrkB0aX0QMow==",
			"requires": {
				"has-flag": "3.0.0"
			}
		},
		"test-value": {
			"version": "3.0.0",
			"resolved": "https://registry.npmjs.org/test-value/-/test-value-3.0.0.tgz",
			"integrity": "sha512-sVACdAWcZkSU9x7AOmJo5TqE+GyNJknHaHsMrR6ZnhjVlVN9Yx6FjHrsKZ3BjIpPCT68zYesPWkakrNupwfOTQ==",
			"requires": {
				"array-back": "2.0.0",
				"typical": "2.6.1"
			}
		},
		"through": {
			"version": "2.3.8",
			"resolved": "https://registry.npmjs.org/through/-/through-2.3.8.tgz",
			"integrity": "sha1-DdTJ/6q8NXlgsbckEV1+Doai4fU="
		},
		"tmp": {
			"version": "0.0.33",
			"resolved": "https://registry.npmjs.org/tmp/-/tmp-0.0.33.tgz",
			"integrity": "sha512-jRCJlojKnZ3addtTOjdIqoRuPEKBvNXcGYqzO6zWZX8KfKEpnGY5jfggJQ3EjKuu8D4bJRr0y+cYJFmYbImXGw==",
			"requires": {
				"os-tmpdir": "1.0.2"
			}
		},
		"touch": {
			"version": "0.0.3",
			"resolved": "https://registry.npmjs.org/touch/-/touch-0.0.3.tgz",
			"integrity": "sha1-Ua7z1ElXHU8oel2Hyci0kYGg2x0=",
			"requires": {
				"nopt": "1.0.10"
			},
			"dependencies": {
				"nopt": {
					"version": "1.0.10",
					"resolved": "https://registry.npmjs.org/nopt/-/nopt-1.0.10.tgz",
					"integrity": "sha1-bd0hvSoxQXuScn3Vhfim83YI6+4=",
					"requires": {
						"abbrev": "1.1.1"
					}
				}
			}
		},
		"traverse": {
			"version": "0.3.9",
			"resolved": "https://registry.npmjs.org/traverse/-/traverse-0.3.9.tgz",
			"integrity": "sha1-cXuPIgzAu3tE5AUUwisui7xw2Lk="
		},
		"tslib": {
			"version": "1.9.3",
			"resolved": "https://registry.npmjs.org/tslib/-/tslib-1.9.3.tgz",
			"integrity": "sha512-4krF8scpejhaOgqzBEcGM7yDIEfi0/8+8zDRZhNZZ2kjmHJ4hv3zCbQWxoJGz1iw5U0Jl0nma13xzHXcncMavQ=="
		},
		"typical": {
			"version": "2.6.1",
			"resolved": "https://registry.npmjs.org/typical/-/typical-2.6.1.tgz",
			"integrity": "sha1-XAgOXWYcu+OCWdLnCjxyU+hziB0="
		},
		"wrappy": {
			"version": "1.0.2",
			"resolved": "https://registry.npmjs.org/wrappy/-/wrappy-1.0.2.tgz",
			"integrity": "sha1-tSQ9jz7BqjXxNkYFvA0QNuMKtp8="
		},
		"yargs": {
			"version": "1.2.6",
			"resolved": "https://registry.npmjs.org/yargs/-/yargs-1.2.6.tgz",
			"integrity": "sha1-nHtKgv1dWVsr8Xq23MQxNUMv40s=",
			"requires": {
				"minimist": "0.1.0"
			}
		}
	}
}
